{
  "name": "Kauan-Vinicius",
  "lockfileVersion": 3,
  "requires": true,
  "packages": {
    "": {
      "dependencies": {
        "@fontsource/orbitron": "^5.2.8"
      }
    },
    "node_modules/@fontsource/orbitron": {
      "version": "5.2.8",
      "resolved": "https://registry.npmjs.org/@fontsource/orbitron/-/orbitron-5.2.8.tgz",
      "integrity": "sha512-ruzrDl5vnqNykk5DZWY0Ezj4aeFZSbCnwJTc/98ojNJHSsHhlhT2r7rwQrA5sptmF8JtB8TQTAvlfRvcV28RPw==",
      "license": "OFL-1.1",
      "funding": {
        "url": "https://github.com/sponsors/ayuhito"
      }
    }
  }
}
